{
    "requires": true,
    "lockfileVersion": 1,
    "dependencies": {
        "bignumber.js": {
            "version": "9.0.0",
            "resolved": "https://registry.npmjs.org/bignumber.js/-/bignumber.js-9.0.0.tgz",
            "integrity": "sha512-t/OYhhJ2SD+YGBQcjY8GzzDHEk9f3nerxjtfa6tlMXfe7frs/WozhvCNoGvpM0P3bNf3Gq5ZRMlGr5f3r4/N8A=="
        },
        "core-util-is": {
            "version": "1.0.2",
            "resolved": "https://registry.npmjs.org/core-util-is/-/core-util-is-1.0.2.tgz",
            "integrity": "sha1-tf1UIgqivFq1eqtxQMlAdUUDwac="
        },
        "dom-walk": {
            "version": "0.1.2",
            "resolved": "https://registry.npmjs.org/dom-walk/-/dom-walk-0.1.2.tgz",
            "integrity": "sha512-6QvTW9mrGeIegrFXdtQi9pk7O/nSK6lSdXW2eqUspN5LWD7UTji2Fqw5V2YLjBpHEoU9Xl/eUWNpDeZvoyOv2w=="
        },
        "es6-object-assign": {
            "version": "1.1.0",
            "resolved": "https://registry.npmjs.org/es6-object-assign/-/es6-object-assign-1.1.0.tgz",
            "integrity": "sha1-wsNYJlYkfDnqEHyx5mUrb58kUjw="
        },
        "global": {
            "version": "4.4.0",
            "resolved": "https://registry.npmjs.org/global/-/global-4.4.0.tgz",
            "integrity": "sha512-wv/LAoHdRE3BeTGz53FAamhGlPLhlssK45usmGFThIi4XqnBmjKQ16u+RNbP7WvigRZDxUsM0J3gcQ5yicaL0w==",
            "requires": {
                "min-document": "2.19.0",
                "process": "0.11.10"
            }
        },
        "howler": {
            "version": "2.2.1",
            "resolved": "https://registry.npmjs.org/howler/-/howler-2.2.1.tgz",
            "integrity": "sha512-0iIXvuBO/81CcrQ/HSSweYmbT50fT2mIc9XMFb+kxIfk2pW/iKzDbX1n3fZmDXMEIpYvyyfrB+gXwPYSDqUxIQ=="
        },
        "inherits": {
            "version": "2.0.4",
            "resolved": "https://registry.npmjs.org/inherits/-/inherits-2.0.4.tgz",
            "integrity": "sha512-k/vGaX4/Yla3WzyMCvTQOXYeIHvqOKtnqBduzTHpzpQZzAskKMhZ2K+EnBiSM9zGSoIFeMpXKxa4dYeZIQqewQ=="
        },
        "isarray": {
            "version": "1.0.0",
            "resolved": "https://registry.npmjs.org/isarray/-/isarray-1.0.0.tgz",
            "integrity": "sha1-u5NdSFgsuhaMBoNJV6VKPgcSTxE="
        },
        "jplayer": {
            "version": "2.9.2",
            "resolved": "https://registry.npmjs.org/jplayer/-/jplayer-2.9.2.tgz",
            "integrity": "sha1-Wkx1LvjqaGRqXSd8PMvO8t84nYY=",
            "requires": {
                "jquery": "3.6.0"
            }
        },
        "jquery": {
            "version": "3.6.0",
            "resolved": "https://registry.npmjs.org/jquery/-/jquery-3.6.0.tgz",
            "integrity": "sha512-JVzAR/AjBvVt2BmYhxRCSYysDsPcssdmTFnzyLEts9qNwmjmu4JTAMYubEfwVOSwpQ1I1sKKFcxhZCI2buerfw=="
        },
        "mediaelement": {
            "version": "4.2.16",
            "resolved": "https://registry.npmjs.org/mediaelement/-/mediaelement-4.2.16.tgz",
            "integrity": "sha512-5GinxsRpVA36w6tAD6nTqVSiZ0LzIhqUrzD8wzOAtZPPM7NOwOBtz6Oa85VemS+3Jvoo38jM1RvNqwKYJBBxtQ==",
            "requires": {
                "global": "4.4.0"
            }
        },
        "min-document": {
            "version": "2.19.0",
            "resolved": "https://registry.npmjs.org/min-document/-/min-document-2.19.0.tgz",
            "integrity": "sha1-e9KC4/WELtKVu3SM3Z8f+iyCRoU=",
            "requires": {
                "dom-walk": "0.1.2"
            }
        },
        "mysql": {
            "version": "2.18.1",
            "resolved": "https://registry.npmjs.org/mysql/-/mysql-2.18.1.tgz",
            "integrity": "sha512-Bca+gk2YWmqp2Uf6k5NFEurwY/0td0cpebAucFpY/3jhrwrVGuxU2uQFCHjU19SJfje0yQvi+rVWdq78hR5lig==",
            "requires": {
                "bignumber.js": "9.0.0",
                "readable-stream": "2.3.7",
                "safe-buffer": "5.1.2",
                "sqlstring": "2.3.1"
            }
        },
        "process": {
            "version": "0.11.10",
            "resolved": "https://registry.npmjs.org/process/-/process-0.11.10.tgz",
            "integrity": "sha1-czIwDoQBYb2j5podHZGn1LwW8YI="
        },
        "process-nextick-args": {
            "version": "2.0.1",
            "resolved": "https://registry.npmjs.org/process-nextick-args/-/process-nextick-args-2.0.1.tgz",
            "integrity": "sha512-3ouUOpQhtgrbOa17J7+uxOTpITYWaGP7/AhoR3+A+/1e9skrzelGi/dXzEYyvbxubEF6Wn2ypscTKiKJFFn1ag=="
        },
        "promise-polyfill": {
            "version": "6.1.0",
            "resolved": "https://registry.npmjs.org/promise-polyfill/-/promise-polyfill-6.1.0.tgz",
            "integrity": "sha1-36lpQ+qcEh/KTem1hoyznTRy4Fc="
        },
        "readable-stream": {
            "version": "2.3.7",
            "resolved": "https://registry.npmjs.org/readable-stream/-/readable-stream-2.3.7.tgz",
            "integrity": "sha512-Ebho8K4jIbHAxnuxi7o42OrZgF/ZTNcsZj6nRKyUmkhLFq8CHItp/fy6hQZuZmP/n3yZ9VBUbp4zz/mX8hmYPw==",
            "requires": {
                "core-util-is": "1.0.2",
                "inherits": "2.0.4",
                "isarray": "1.0.0",
                "process-nextick-args": "2.0.1",
                "safe-buffer": "5.1.2",
                "string_decoder": "1.1.1",
                "util-deprecate": "1.0.2"
            }
        },
        "safe-buffer": {
            "version": "5.1.2",
            "resolved": "https://registry.npmjs.org/safe-buffer/-/safe-buffer-5.1.2.tgz",
            "integrity": "sha512-Gd2UZBJDkXlY7GbJxfsE8/nvKkUEU1G38c1siN6QP6a9PT9MmHB8GnpscSmMJSoF8LOIrt8ud/wPtojys4G6+g=="
        },
        "sqlstring": {
            "version": "2.3.1",
            "resolved": "https://registry.npmjs.org/sqlstring/-/sqlstring-2.3.1.tgz",
            "integrity": "sha1-R1OT/56RR5rqYtyvDKPRSYOn+0A="
        },
        "string_decoder": {
            "version": "1.1.1",
            "resolved": "https://registry.npmjs.org/string_decoder/-/string_decoder-1.1.1.tgz",
            "integrity": "sha512-n/ShnvDi6FHbbVfviro+WojiFzv+s8MPMHBczVePfUpDJLwoLT0ht1l4YwBCbi8pJAveEEdnkHyPyTP/mzRfwg==",
            "requires": {
                "safe-buffer": "5.1.2"
            }
        },
        "sweetalert": {
            "version": "2.1.2",
            "resolved": "https://registry.npmjs.org/sweetalert/-/sweetalert-2.1.2.tgz",
            "integrity": "sha512-iWx7X4anRBNDa/a+AdTmvAzQtkN1+s4j/JJRWlHpYE8Qimkohs8/XnFcWeYHH2lMA8LRCa5tj2d244If3S/hzA==",
            "requires": {
                "es6-object-assign": "1.1.0",
                "promise-polyfill": "6.1.0"
            }
        },
        "util-deprecate": {
            "version": "1.0.2",
            "resolved": "https://registry.npmjs.org/util-deprecate/-/util-deprecate-1.0.2.tgz",
            "integrity": "sha1-RQ1Nyfpw3nMnYvvS1KKJgUGaDM8="
        }
    }
}
